Microsoft Visual Studio Solution File, Format Version 12.00
# Visual Studio Version 17
VisualStudioVersion = 17.5.2.0
MinimumVisualStudioVersion = 10.0.40219.1
Project("{FAE04EC0-301F-11D3-BF4B-00C04F79EFBC}") = "AddSolBackend", "AddSolBackend.csproj", "{89FF7A21-E28C-07F2-FD7E-4FDE5C32D390}"
EndProject
Global
	GlobalSection(SolutionConfigurationPlatforms) = preSolution
		Debug|Any CPU = Debug|Any CPU
		Release|Any CPU = Release|Any CPU
	EndGlobalSection
	GlobalSection(ProjectConfigurationPlatforms) = postSolution
		{89FF7A21-E28C-07F2-FD7E-4FDE5C32D390}.Debug|Any CPU.ActiveCfg = Debug|Any CPU
		{89FF7A21-E28C-07F2-FD7E-4FDE5C32D390}.Debug|Any CPU.Build.0 = Debug|Any CPU
		{89FF7A21-E28C-07F2-FD7E-4FDE5C32D390}.Release|Any CPU.ActiveCfg = Release|Any CPU
		{89FF7A21-E28C-07F2-FD7E-4FDE5C32D390}.Release|Any CPU.Build.0 = Release|Any CPU
	EndGlobalSection
	GlobalSection(SolutionProperties) = preSolution
		HideSolutionNode = FALSE
	EndGlobalSection
	GlobalSection(ExtensibilityGlobals) = postSolution
		SolutionGuid = {E042FF05-6A79-4576-8026-99E746F9F820}
	EndGlobalSection
EndGlobal
